
Microsoft Visual Studio Solution File, Format Version 12.00
# Visual Studio Version 17
VisualStudioVersion = 17.11.35303.130
MinimumVisualStudioVersion = 10.0.40219.1
Project("{9A19103F-16F7-4668-BE54-9A1E7A4F7556}") = "DataAccess", "DataAccess\DataAccess.csproj", "{D3A5AAA3-5EEB-42DE-B7E4-FD69251D6840}"
EndProject
Project("{9A19103F-16F7-4668-BE54-9A1E7A4F7556}") = "Business", "Business\Business.csproj", "{1840028E-7E45-4CB9-BBFC-215121F7B11C}"
EndProject
Project("{9A19103F-16F7-4668-BE54-9A1E7A4F7556}") = "Entities", "Entities\Entities.csproj", "{C8B38560-33B7-4517-BBDA-F2A5CAD81AF5}"
EndProject
Project("{9A19103F-16F7-4668-BE54-9A1E7A4F7556}") = "ConsoleUI", "ConsoleApp11212\ConsoleUI.csproj", "{666D3594-F21E-47CE-A805-98FACE1F5AE1}"
EndProject
Project("{9A19103F-16F7-4668-BE54-9A1E7A4F7556}") = "Core", "Core\Core.csproj", "{78FE32B8-7B0A-4548-91E6-C2F4C1E60033}"
EndProject
Project("{FAE04EC0-301F-11D3-BF4B-00C04F79EFBC}") = "WebAPI", "WebAPI__\WebAPI.csproj", "{229EB7E9-9A76-4AD7-9FEC-CB56AA3DFC06}"
EndProject
Global
	GlobalSection(SolutionConfigurationPlatforms) = preSolution
		Debug|Any CPU = Debug|Any CPU
		Release|Any CPU = Release|Any CPU
	EndGlobalSection
	GlobalSection(ProjectConfigurationPlatforms) = postSolution
		{D3A5AAA3-5EEB-42DE-B7E4-FD69251D6840}.Debug|Any CPU.ActiveCfg = Debug|Any CPU
		{D3A5AAA3-5EEB-42DE-B7E4-FD69251D6840}.Debug|Any CPU.Build.0 = Debug|Any CPU
		{D3A5AAA3-5EEB-42DE-B7E4-FD69251D6840}.Release|Any CPU.ActiveCfg = Release|Any CPU
		{D3A5AAA3-5EEB-42DE-B7E4-FD69251D6840}.Release|Any CPU.Build.0 = Release|Any CPU
		{1840028E-7E45-4CB9-BBFC-215121F7B11C}.Debug|Any CPU.ActiveCfg = Debug|Any CPU
		{1840028E-7E45-4CB9-BBFC-215121F7B11C}.Debug|Any CPU.Build.0 = Debug|Any CPU
		{1840028E-7E45-4CB9-BBFC-215121F7B11C}.Release|Any CPU.ActiveCfg = Release|Any CPU
		{1840028E-7E45-4CB9-BBFC-215121F7B11C}.Release|Any CPU.Build.0 = Release|Any CPU
		{C8B38560-33B7-4517-BBDA-F2A5CAD81AF5}.Debug|Any CPU.ActiveCfg = Debug|Any CPU
		{C8B38560-33B7-4517-BBDA-F2A5CAD81AF5}.Debug|Any CPU.Build.0 = Debug|Any CPU
		{C8B38560-33B7-4517-BBDA-F2A5CAD81AF5}.Release|Any CPU.ActiveCfg = Release|Any CPU
		{C8B38560-33B7-4517-BBDA-F2A5CAD81AF5}.Release|Any CPU.Build.0 = Release|Any CPU
		{666D3594-F21E-47CE-A805-98FACE1F5AE1}.Debug|Any CPU.ActiveCfg = Debug|Any CPU
		{666D3594-F21E-47CE-A805-98FACE1F5AE1}.Debug|Any CPU.Build.0 = Debug|Any CPU
		{666D3594-F21E-47CE-A805-98FACE1F5AE1}.Release|Any CPU.ActiveCfg = Release|Any CPU
		{666D3594-F21E-47CE-A805-98FACE1F5AE1}.Release|Any CPU.Build.0 = Release|Any CPU
		{78FE32B8-7B0A-4548-91E6-C2F4C1E60033}.Debug|Any CPU.ActiveCfg = Debug|Any CPU
		{78FE32B8-7B0A-4548-91E6-C2F4C1E60033}.Debug|Any CPU.Build.0 = Debug|Any CPU
		{78FE32B8-7B0A-4548-91E6-C2F4C1E60033}.Release|Any CPU.ActiveCfg = Release|Any CPU
		{78FE32B8-7B0A-4548-91E6-C2F4C1E60033}.Release|Any CPU.Build.0 = Release|Any CPU
		{229EB7E9-9A76-4AD7-9FEC-CB56AA3DFC06}.Debug|Any CPU.ActiveCfg = Debug|Any CPU
		{229EB7E9-9A76-4AD7-9FEC-CB56AA3DFC06}.Debug|Any CPU.Build.0 = Debug|Any CPU
		{229EB7E9-9A76-4AD7-9FEC-CB56AA3DFC06}.Release|Any CPU.ActiveCfg = Release|Any CPU
		{229EB7E9-9A76-4AD7-9FEC-CB56AA3DFC06}.Release|Any CPU.Build.0 = Release|Any CPU
	EndGlobalSection
	GlobalSection(SolutionProperties) = preSolution
		HideSolutionNode = FALSE
	EndGlobalSection
	GlobalSection(ExtensibilityGlobals) = postSolution
		SolutionGuid = {9342E2DD-7F92-4CF1-ACC7-66056782030B}
	EndGlobalSection
EndGlobal
